// !$*UTF8*$!
{
	archiveVersion = 1;
	classes = {
	};
	objectVersion = 46;
	objects = {

/* Begin PBXBuildFile section */
		F46298A81CC7261D00BECEAB /* BrightFutures.framework in Frameworks */ = {isa = PBXBuildFile; fileRef = F46298A71CC7261D00BECEAB /* BrightFutures.framework */; };
		F46298AA1CC7265F00BECEAB /* Result.framework in Frameworks */ = {isa = PBXBuildFile; fileRef = F46298A91CC7265F00BECEAB /* Result.framework */; };
		F46298AC1CCBF41700BECEAB /* DefectState.swift in Sources */ = {isa = PBXBuildFile; fileRef = F46298AB1CCBF41700BECEAB /* DefectState.swift */; };
		F46298AE1CCBFE9700BECEAB /* Defect.swift in Sources */ = {isa = PBXBuildFile; fileRef = F46298AD1CCBFE9700BECEAB /* Defect.swift */; };
		F46298B01CCC1D8000BECEAB /* RallyService+Defect.swift in Sources */ = {isa = PBXBuildFile; fileRef = F46298AF1CCC1D8000BECEAB /* RallyService+Defect.swift */; };
		F47340D81CC054330044844C /* AppDelegate.swift in Sources */ = {isa = PBXBuildFile; fileRef = F47340D71CC054330044844C /* AppDelegate.swift */; };
		F47340DA1CC054330044844C /* ViewController.swift in Sources */ = {isa = PBXBuildFile; fileRef = F47340D91CC054330044844C /* ViewController.swift */; };
		F47340DD1CC054330044844C /* Main.storyboard in Resources */ = {isa = PBXBuildFile; fileRef = F47340DB1CC054330044844C /* Main.storyboard */; };
		F47340DF1CC054330044844C /* Assets.xcassets in Resources */ = {isa = PBXBuildFile; fileRef = F47340DE1CC054330044844C /* Assets.xcassets */; };
		F47340E21CC054330044844C /* LaunchScreen.storyboard in Resources */ = {isa = PBXBuildFile; fileRef = F47340E01CC054330044844C /* LaunchScreen.storyboard */; };
		F473410B1CC058F70044844C /* Alamofire.framework in Frameworks */ = {isa = PBXBuildFile; fileRef = F47341071CC058F70044844C /* Alamofire.framework */; settings = {ATTRIBUTES = (Required, ); }; };
		F47341151CC06AC70044844C /* Freddy.framework in Frameworks */ = {isa = PBXBuildFile; fileRef = F47341131CC06AC70044844C /* Freddy.framework */; };
		F473411A1CC2C0420044844C /* RallyError.swift in Sources */ = {isa = PBXBuildFile; fileRef = F47341191CC2C0420044844C /* RallyError.swift */; };
		F473411C1CC2C0A50044844C /* RallyService.swift in Sources */ = {isa = PBXBuildFile; fileRef = F473411B1CC2C0A50044844C /* RallyService.swift */; };
		F473411E1CC2C1120044844C /* PersistableObject.swift in Sources */ = {isa = PBXBuildFile; fileRef = F473411D1CC2C1120044844C /* PersistableObject.swift */; };
		F47341201CC2C1490044844C /* Subscription.swift in Sources */ = {isa = PBXBuildFile; fileRef = F473411F1CC2C1490044844C /* Subscription.swift */; };
		F47341241CC2C1960044844C /* Credential.swift in Sources */ = {isa = PBXBuildFile; fileRef = F47341231CC2C1960044844C /* Credential.swift */; };
		F47341261CC2C2AC0044844C /* Client.swift in Sources */ = {isa = PBXBuildFile; fileRef = F47341251CC2C2AC0044844C /* Client.swift */; };
		F47341281CC2C2E50044844C /* RallyAuthentication.swift in Sources */ = {isa = PBXBuildFile; fileRef = F47341271CC2C2E50044844C /* RallyAuthentication.swift */; };
/* End PBXBuildFile section */

/* Begin PBXFileReference section */
		F46298A71CC7261D00BECEAB /* BrightFutures.framework */ = {isa = PBXFileReference; lastKnownFileType = wrapper.framework; name = BrightFutures.framework; path = Carthage/Build/iOS/BrightFutures.framework; sourceTree = "<group>"; };
		F46298A91CC7265F00BECEAB /* Result.framework */ = {isa = PBXFileReference; lastKnownFileType = wrapper.framework; name = Result.framework; path = Carthage/Build/iOS/Result.framework; sourceTree = "<group>"; };
		F46298AB1CCBF41700BECEAB /* DefectState.swift */ = {isa = PBXFileReference; fileEncoding = 4; lastKnownFileType = sourcecode.swift; path = DefectState.swift; sourceTree = "<group>"; };
		F46298AD1CCBFE9700BECEAB /* Defect.swift */ = {isa = PBXFileReference; fileEncoding = 4; lastKnownFileType = sourcecode.swift; path = Defect.swift; sourceTree = "<group>"; };
		F46298AF1CCC1D8000BECEAB /* RallyService+Defect.swift */ = {isa = PBXFileReference; fileEncoding = 4; lastKnownFileType = sourcecode.swift; path = "RallyService+Defect.swift"; sourceTree = "<group>"; };
		F47340D41CC054330044844C /* Rally.app */ = {isa = PBXFileReference; explicitFileType = wrapper.application; includeInIndex = 0; path = Rally.app; sourceTree = BUILT_PRODUCTS_DIR; };
		F47340D71CC054330044844C /* AppDelegate.swift */ = {isa = PBXFileReference; lastKnownFileType = sourcecode.swift; path = AppDelegate.swift; sourceTree = "<group>"; };
		F47340D91CC054330044844C /* ViewController.swift */ = {isa = PBXFileReference; lastKnownFileType = sourcecode.swift; path = ViewController.swift; sourceTree = "<group>"; };
		F47340DC1CC054330044844C /* Base */ = {isa = PBXFileReference; lastKnownFileType = file.storyboard; name = Base; path = Base.lproj/Main.storyboard; sourceTree = "<group>"; };
		F47340DE1CC054330044844C /* Assets.xcassets */ = {isa = PBXFileReference; lastKnownFileType = folder.assetcatalog; path = Assets.xcassets; sourceTree = "<group>"; };
		F47340E11CC054330044844C /* Base */ = {isa = PBXFileReference; lastKnownFileType = file.storyboard; name = Base; path = Base.lproj/LaunchScreen.storyboard; sourceTree = "<group>"; };
		F47340E31CC054330044844C /* Info.plist */ = {isa = PBXFileReference; lastKnownFileType = text.plist.xml; path = Info.plist; sourceTree = "<group>"; };
		F47341071CC058F70044844C /* Alamofire.framework */ = {isa = PBXFileReference; lastKnownFileType = wrapper.framework; name = Alamofire.framework; path = Carthage/Build/iOS/Alamofire.framework; sourceTree = "<group>"; };
		F47341131CC06AC70044844C /* Freddy.framework */ = {isa = PBXFileReference; lastKnownFileType = wrapper.framework; name = Freddy.framework; path = Carthage/Build/iOS/Freddy.framework; sourceTree = "<group>"; };
		F47341191CC2C0420044844C /* RallyError.swift */ = {isa = PBXFileReference; fileEncoding = 4; lastKnownFileType = sourcecode.swift; name = RallyError.swift; path = Rally/RallyKit/RallyError.swift; sourceTree = "<group>"; };
		F473411B1CC2C0A50044844C /* RallyService.swift */ = {isa = PBXFileReference; fileEncoding = 4; lastKnownFileType = sourcecode.swift; path = RallyService.swift; sourceTree = "<group>"; };
		F473411D1CC2C1120044844C /* PersistableObject.swift */ = {isa = PBXFileReference; fileEncoding = 4; lastKnownFileType = sourcecode.swift; path = PersistableObject.swift; sourceTree = "<group>"; };
		F473411F1CC2C1490044844C /* Subscription.swift */ = {isa = PBXFileReference; fileEncoding = 4; lastKnownFileType = sourcecode.swift; path = Subscription.swift; sourceTree = "<group>"; };
		F47341231CC2C1960044844C /* Credential.swift */ = {isa = PBXFileReference; fileEncoding = 4; lastKnownFileType = sourcecode.swift; path = Credential.swift; sourceTree = "<group>"; };
		F47341251CC2C2AC0044844C /* Client.swift */ = {isa = PBXFileReference; fileEncoding = 4; lastKnownFileType = sourcecode.swift; path = Client.swift; sourceTree = "<group>"; };
		F47341271CC2C2E50044844C /* RallyAuthentication.swift */ = {isa = PBXFileReference; fileEncoding = 4; lastKnownFileType = sourcecode.swift; path = RallyAuthentication.swift; sourceTree = "<group>"; };
/* End PBXFileReference section */

/* Begin PBXFrameworksBuildPhase section */
		F47340D11CC054330044844C /* Frameworks */ = {
			isa = PBXFrameworksBuildPhase;
			buildActionMask = 2147483647;
			files = (
				F473410B1CC058F70044844C /* Alamofire.framework in Frameworks */,
				F47341151CC06AC70044844C /* Freddy.framework in Frameworks */,
				F46298A81CC7261D00BECEAB /* BrightFutures.framework in Frameworks */,
				F46298AA1CC7265F00BECEAB /* Result.framework in Frameworks */,
			);
			runOnlyForDeploymentPostprocessing = 0;
		};
/* End PBXFrameworksBuildPhase section */

/* Begin PBXGroup section */
		F47340CB1CC054330044844C = {
			isa = PBXGroup;
			children = (
				F46298A91CC7265F00BECEAB /* Result.framework */,
				F46298A71CC7261D00BECEAB /* BrightFutures.framework */,
				F47341181CC2C0120044844C /* RallyKit */,
				F47341131CC06AC70044844C /* Freddy.framework */,
				F47341071CC058F70044844C /* Alamofire.framework */,
				F47340D61CC054330044844C /* Rally */,
				F47340D51CC054330044844C /* Products */,
			);
			sourceTree = "<group>";
		};
		F47340D51CC054330044844C /* Products */ = {
			isa = PBXGroup;
			children = (
				F47340D41CC054330044844C /* Rally.app */,
			);
			name = Products;
			sourceTree = "<group>";
		};
		F47340D61CC054330044844C /* Rally */ = {
			isa = PBXGroup;
			children = (
				F47340D71CC054330044844C /* AppDelegate.swift */,
				F47340D91CC054330044844C /* ViewController.swift */,
				F47340DB1CC054330044844C /* Main.storyboard */,
				F47340DE1CC054330044844C /* Assets.xcassets */,
				F47340E01CC054330044844C /* LaunchScreen.storyboard */,
				F47340E31CC054330044844C /* Info.plist */,
			);
			path = Rally;
			sourceTree = "<group>";
		};
		F47341181CC2C0120044844C /* RallyKit */ = {
			isa = PBXGroup;
			children = (
				F47341191CC2C0420044844C /* RallyError.swift */,
				F473411B1CC2C0A50044844C /* RallyService.swift */,
				F46298AB1CCBF41700BECEAB /* DefectState.swift */,
				F473411D1CC2C1120044844C /* PersistableObject.swift */,
				F473411F1CC2C1490044844C /* Subscription.swift */,
				F47341231CC2C1960044844C /* Credential.swift */,
				F47341251CC2C2AC0044844C /* Client.swift */,
				F47341271CC2C2E50044844C /* RallyAuthentication.swift */,
				F46298AD1CCBFE9700BECEAB /* Defect.swift */,
				F46298AF1CCC1D8000BECEAB /* RallyService+Defect.swift */,
			);
			name = RallyKit;
			sourceTree = "<group>";
		};
/* End PBXGroup section */

/* Begin PBXNativeTarget section */
		F47340D31CC054330044844C /* Rally */ = {
			isa = PBXNativeTarget;
			buildConfigurationList = F47340E61CC054330044844C /* Build configuration list for PBXNativeTarget "Rally" */;
			buildPhases = (
				F47340D01CC054330044844C /* Sources */,
				F47340D11CC054330044844C /* Frameworks */,
				F47340D21CC054330044844C /* Resources */,
				F473410F1CC059100044844C /* Carthage */,
			);
			buildRules = (
			);
			dependencies = (
			);
			name = Rally;
			productName = Rally;
			productReference = F47340D41CC054330044844C /* Rally.app */;
			productType = "com.apple.product-type.application";
		};
/* End PBXNativeTarget section */

/* Begin PBXProject section */
		F47340CC1CC054330044844C /* Project object */ = {
			isa = PBXProject;
			attributes = {
				LastSwiftUpdateCheck = 0730;
				LastUpgradeCheck = 0730;
				ORGANIZATIONNAME = "Simon Lee";
				TargetAttributes = {
					F47340D31CC054330044844C = {
						CreatedOnToolsVersion = 7.3;
						DevelopmentTeam = T3LQ95726F;
					};
				};
			};
			buildConfigurationList = F47340CF1CC054330044844C /* Build configuration list for PBXProject "Rally" */;
			compatibilityVersion = "Xcode 3.2";
			developmentRegion = English;
			hasScannedForEncodings = 0;
			knownRegions = (
				en,
				Base,
			);
			mainGroup = F47340CB1CC054330044844C;
			productRefGroup = F47340D51CC054330044844C /* Products */;
			projectDirPath = "";
			projectRoot = "";
			targets = (
				F47340D31CC054330044844C /* Rally */,
			);
		};
/* End PBXProject section */

/* Begin PBXResourcesBuildPhase section */
		F47340D21CC054330044844C /* Resources */ = {
			isa = PBXResourcesBuildPhase;
			buildActionMask = 2147483647;
			files = (
				F47340E21CC054330044844C /* LaunchScreen.storyboard in Resources */,
				F47340DF1CC054330044844C /* Assets.xcassets in Resources */,
				F47340DD1CC054330044844C /* Main.storyboard in Resources */,
			);
			runOnlyForDeploymentPostprocessing = 0;
		};
/* End PBXResourcesBuildPhase section */

/* Begin PBXShellScriptBuildPhase section */
		F473410F1CC059100044844C /* Carthage */ = {
			isa = PBXShellScriptBuildPhase;
			buildActionMask = 2147483647;
			files = (
			);
			inputPaths = (
				"$(SRCROOT)/Carthage/Build/iOS/Alamofire.framework",
				"$(SRCROOT)/Carthage/Build/iOS/Freddy.framework",
				"$(SRCROOT)/Carthage/Build/iOS/BrightFutures.framework",
				"$(SRCROOT)/Carthage/Build/iOS/Result.framework",
			);
			name = Carthage;
			outputPaths = (
			);
			runOnlyForDeploymentPostprocessing = 0;
			shellPath = /bin/sh;
			shellScript = "/usr/local/bin/carthage copy-frameworks";
		};
/* End PBXShellScriptBuildPhase section */

/* Begin PBXSourcesBuildPhase section */
		F47340D01CC054330044844C /* Sources */ = {
			isa = PBXSourcesBuildPhase;
			buildActionMask = 2147483647;
			files = (
				F47341201CC2C1490044844C /* Subscription.swift in Sources */,
				F47341281CC2C2E50044844C /* RallyAuthentication.swift in Sources */,
				F46298AC1CCBF41700BECEAB /* DefectState.swift in Sources */,
				F47341241CC2C1960044844C /* Credential.swift in Sources */,
				F47341261CC2C2AC0044844C /* Client.swift in Sources */,
				F47340DA1CC054330044844C /* ViewController.swift in Sources */,
				F47340D81CC054330044844C /* AppDelegate.swift in Sources */,
				F46298B01CCC1D8000BECEAB /* RallyService+Defect.swift in Sources */,
				F46298AE1CCBFE9700BECEAB /* Defect.swift in Sources */,
				F473411E1CC2C1120044844C /* PersistableObject.swift in Sources */,
				F473411C1CC2C0A50044844C /* RallyService.swift in Sources */,
				F473411A1CC2C0420044844C /* RallyError.swift in Sources */,
			);
			runOnlyForDeploymentPostprocessing = 0;
		};
/* End PBXSourcesBuildPhase section */

/* Begin PBXVariantGroup section */
		F47340DB1CC054330044844C /* Main.storyboard */ = {
			isa = PBXVariantGroup;
			children = (
				F47340DC1CC054330044844C /* Base */,
			);
			name = Main.storyboard;
			sourceTree = "<group>";
		};
		F47340E01CC054330044844C /* LaunchScreen.storyboard */ = {
			isa = PBXVariantGroup;
			children = (
				F47340E11CC054330044844C /* Base */,
			);
			name = LaunchScreen.storyboard;
			sourceTree = "<group>";
		};
/* End PBXVariantGroup section */

/* Begin XCBuildConfiguration section */
		F47340E41CC054330044844C /* Debug */ = {
			isa = XCBuildConfiguration;
			buildSettings = {
				ALWAYS_SEARCH_USER_PATHS = NO;
				CLANG_ANALYZER_NONNULL = YES;
				CLANG_CXX_LANGUAGE_STANDARD = "gnu++0x";
				CLANG_CXX_LIBRARY = "libc++";
				CLANG_ENABLE_MODULES = YES;
				CLANG_ENABLE_OBJC_ARC = YES;
				CLANG_WARN_BOOL_CONVERSION = YES;
				CLANG_WARN_CONSTANT_CONVERSION = YES;
				CLANG_WARN_DIRECT_OBJC_ISA_USAGE = YES_ERROR;
				CLANG_WARN_EMPTY_BODY = YES;
				CLANG_WARN_ENUM_CONVERSION = YES;
				CLANG_WARN_INT_CONVERSION = YES;
				CLANG_WARN_OBJC_ROOT_CLASS = YES_ERROR;
				CLANG_WARN_UNREACHABLE_CODE = YES;
				CLANG_WARN__DUPLICATE_METHOD_MATCH = YES;
				"CODE_SIGN_IDENTITY[sdk=iphoneos*]" = "iPhone Developer";
				COPY_PHASE_STRIP = NO;
				DEBUG_INFORMATION_FORMAT = dwarf;
				ENABLE_STRICT_OBJC_MSGSEND = YES;
				ENABLE_TESTABILITY = YES;
				GCC_C_LANGUAGE_STANDARD = gnu99;
				GCC_DYNAMIC_NO_PIC = NO;
				GCC_NO_COMMON_BLOCKS = YES;
				GCC_OPTIMIZATION_LEVEL = 0;
				GCC_PREPROCESSOR_DEFINITIONS = (
					"DEBUG=1",
					"$(inherited)",
				);
				GCC_WARN_64_TO_32_BIT_CONVERSION = YES;
				GCC_WARN_ABOUT_RETURN_TYPE = YES_ERROR;
				GCC_WARN_UNDECLARED_SELECTOR = YES;
				GCC_WARN_UNINITIALIZED_AUTOS = YES_AGGRESSIVE;
				GCC_WARN_UNUSED_FUNCTION = YES;
				GCC_WARN_UNUSED_VARIABLE = YES;
				IPHONEOS_DEPLOYMENT_TARGET = 9.3;
				MTL_ENABLE_DEBUG_INFO = YES;
				ONLY_ACTIVE_ARCH = YES;
				SDKROOT = iphoneos;
				SWIFT_OPTIMIZATION_LEVEL = "-Onone";
				TARGETED_DEVICE_FAMILY = "1,2";
			};
			name = Debug;
		};
		F47340E51CC054330044844C /* Release */ = {
			isa = XCBuildConfiguration;
			buildSettings = {
				ALWAYS_SEARCH_USER_PATHS = NO;
				CLANG_ANALYZER_NONNULL = YES;
				CLANG_CXX_LANGUAGE_STANDARD = "gnu++0x";
				CLANG_CXX_LIBRARY = "libc++";
				CLANG_ENABLE_MODULES = YES;
				CLANG_ENABLE_OBJC_ARC = YES;
				CLANG_WARN_BOOL_CONVERSION = YES;
				CLANG_WARN_CONSTANT_CONVERSION = YES;
				CLANG_WARN_DIRECT_OBJC_ISA_USAGE = YES_ERROR;
				CLANG_WARN_EMPTY_BODY = YES;
				CLANG_WARN_ENUM_CONVERSION = YES;
				CLANG_WARN_INT_CONVERSION = YES;
				CLANG_WARN_OBJC_ROOT_CLASS = YES_ERROR;
				CLANG_WARN_UNREACHABLE_CODE = YES;
				CLANG_WARN__DUPLICATE_METHOD_MATCH = YES;
				"CODE_SIGN_IDENTITY[sdk=iphoneos*]" = "iPhone Developer";
				COPY_PHASE_STRIP = NO;
				DEBUG_INFORMATION_FORMAT = "dwarf-with-dsym";
				ENABLE_NS_ASSERTIONS = NO;
				ENABLE_STRICT_OBJC_MSGSEND = YES;
				GCC_C_LANGUAGE_STANDARD = gnu99;
				GCC_NO_COMMON_BLOCKS = YES;
				GCC_WARN_64_TO_32_BIT_CONVERSION = YES;
				GCC_WARN_ABOUT_RETURN_TYPE = YES_ERROR;
				GCC_WARN_UNDECLARED_SELECTOR = YES;
				GCC_WARN_UNINITIALIZED_AUTOS = YES_AGGRESSIVE;
				GCC_WARN_UNUSED_FUNCTION = YES;
				GCC_WARN_UNUSED_VARIABLE = YES;
				IPHONEOS_DEPLOYMENT_TARGET = 9.3;
				MTL_ENABLE_DEBUG_INFO = NO;
				SDKROOT = iphoneos;
				TARGETED_DEVICE_FAMILY = "1,2";
				VALIDATE_PRODUCT = YES;
			};
			name = Release;
		};
		F47340E71CC054330044844C /* Debug */ = {
			isa = XCBuildConfiguration;
			buildSettings = {
				ASSETCATALOG_COMPILER_APPICON_NAME = AppIcon;
				CODE_SIGN_IDENTITY = "iPhone Developer";
				"CODE_SIGN_IDENTITY[sdk=iphoneos*]" = "iPhone Developer";
				FRAMEWORK_SEARCH_PATHS = (
					"$(inherited)",
					"$(PROJECT_DIR)/Carthage/Build/iOS",
				);
				INFOPLIST_FILE = Rally/Info.plist;
				LD_RUNPATH_SEARCH_PATHS = "$(inherited) @executable_path/Frameworks";
				PRODUCT_BUNDLE_IDENTIFIER = simonlee.Rally;
				PRODUCT_NAME = "$(TARGET_NAME)";
				PROVISIONING_PROFILE = "";
			};
			name = Debug;
		};
		F47340E81CC054330044844C /* Release */ = {
			isa = XCBuildConfiguration;
			buildSettings = {
				ASSETCATALOG_COMPILER_APPICON_NAME = AppIcon;
				CODE_SIGN_IDENTITY = "iPhone Developer";
				"CODE_SIGN_IDENTITY[sdk=iphoneos*]" = "iPhone Developer";
				FRAMEWORK_SEARCH_PATHS = (
					"$(inherited)",
					"$(PROJECT_DIR)/Carthage/Build/iOS",
				);
				INFOPLIST_FILE = Rally/Info.plist;
				LD_RUNPATH_SEARCH_PATHS = "$(inherited) @executable_path/Frameworks";
				PRODUCT_BUNDLE_IDENTIFIER = simonlee.Rally;
				PRODUCT_NAME = "$(TARGET_NAME)";
				PROVISIONING_PROFILE = "";
			};
			name = Release;
		};
/* End XCBuildConfiguration section */

/* Begin XCConfigurationList section */
		F47340CF1CC054330044844C /* Build configuration list for PBXProject "Rally" */ = {
			isa = XCConfigurationList;
			buildConfigurations = (
				F47340E41CC054330044844C /* Debug */,
				F47340E51CC054330044844C /* Release */,
			);
			defaultConfigurationIsVisible = 0;
			defaultConfigurationName = Release;
		};
		F47340E61CC054330044844C /* Build configuration list for PBXNativeTarget "Rally" */ = {
			isa = XCConfigurationList;
			buildConfigurations = (
				F47340E71CC054330044844C /* Debug */,
				F47340E81CC054330044844C /* Release */,
			);
			defaultConfigurationIsVisible = 0;
			defaultConfigurationName = Release;
		};
/* End XCConfigurationList section */
	};
	rootObject = F47340CC1CC054330044844C /* Project object */;
}
